// !$*UTF8*$!
{
	archiveVersion = 1;
	classes = {
	};
	objectVersion = 46;
	objects = {

/* Begin PBXBuildFile section */
		A5E40C3E1B2EB701008EB794 /* main.cpp in Sources */ = {isa = PBXBuildFile; fileRef = A5E40C3D1B2EB701008EB794 /* main.cpp */; };
/* End PBXBuildFile section */

/* Begin PBXCopyFilesBuildPhase section */
		A5E40C381B2EB701008EB794 /* CopyFiles */ = {
			isa = PBXCopyFilesBuildPhase;
			buildActionMask = 2147483647;
			dstPath = /usr/share/man/man1/;
			dstSubfolderSpec = 0;
			files = (
			);
			runOnlyForDeploymentPostprocessing = 1;
		};
/* End PBXCopyFilesBuildPhase section */

/* Begin PBXFileReference section */
		A5E40C3A1B2EB701008EB794 /* ValidPalindrome */ = {isa = PBXFileReference; explicitFileType = "compiled.mach-o.executable"; includeInIndex = 0; path = ValidPalindrome; sourceTree = BUILT_PRODUCTS_DIR; };
		A5E40C3D1B2EB701008EB794 /* main.cpp */ = {isa = PBXFileReference; lastKnownFileType = sourcecode.cpp.cpp; path = main.cpp; sourceTree = "<group>"; };
/* End PBXFileReference section */

/* Begin PBXFrameworksBuildPhase section */
		A5E40C371B2EB701008EB794 /* Frameworks */ = {
			isa = PBXFrameworksBuildPhase;
			buildActionMask = 2147483647;
			files = (
			);
			runOnlyForDeploymentPostprocessing = 0;
		};
/* End PBXFrameworksBuildPhase section */

/* Begin PBXGroup section */
		A5E40C311B2EB701008EB794 = {
			isa = PBXGroup;
			children = (
				A5E40C3C1B2EB701008EB794 /* ValidPalindrome */,
				A5E40C3B1B2EB701008EB794 /* Products */,
			);
			sourceTree = "<group>";
		};
		A5E40C3B1B2EB701008EB794 /* Products */ = {
			isa = PBXGroup;
			children = (
				A5E40C3A1B2EB701008EB794 /* ValidPalindrome */,
			);
			name = Products;
			sourceTree = "<group>";
		};
		A5E40C3C1B2EB701008EB794 /* ValidPalindrome */ = {
			isa = PBXGroup;
			children = (
				A5E40C3D1B2EB701008EB794 /* main.cpp */,
			);
			path = ValidPalindrome;
			sourceTree = "<group>";
		};
/* End PBXGroup section */

/* Begin PBXNativeTarget section */
		A5E40C391B2EB701008EB794 /* ValidPalindrome */ = {
			isa = PBXNativeTarget;
			buildConfigurationList = A5E40C411B2EB701008EB794 /* Build configuration list for PBXNativeTarget "ValidPalindrome" */;
			buildPhases = (
				A5E40C361B2EB701008EB794 /* Sources */,
				A5E40C371B2EB701008EB794 /* Frameworks */,
				A5E40C381B2EB701008EB794 /* CopyFiles */,
			);
			buildRules = (
			);
			dependencies = (
			);
			name = ValidPalindrome;
			productName = ValidPalindrome;
			productReference = A5E40C3A1B2EB701008EB794 /* ValidPalindrome */;
			productType = "com.apple.product-type.tool";
		};
/* End PBXNativeTarget section */

/* Begin PBXProject section */
		A5E40C321B2EB701008EB794 /* Project object */ = {
			isa = PBXProject;
			attributes = {
				LastUpgradeCheck = 0640;
				ORGANIZATIONNAME = lxyzk;
				TargetAttributes = {
					A5E40C391B2EB701008EB794 = {
						CreatedOnToolsVersion = 6.4;
					};
				};
			};
			buildConfigurationList = A5E40C351B2EB701008EB794 /* Build configuration list for PBXProject "ValidPalindrome" */;
			compatibilityVersion = "Xcode 3.2";
			developmentRegion = English;
			hasScannedForEncodings = 0;
			knownRegions = (
				en,
			);
			mainGroup = A5E40C311B2EB701008EB794;
			productRefGroup = A5E40C3B1B2EB701008EB794 /* Products */;
			projectDirPath = "";
			projectRoot = "";
			targets = (
				A5E40C391B2EB701008EB794 /* ValidPalindrome */,
			);
		};
/* End PBXProject section */

/* Begin PBXSourcesBuildPhase section */
		A5E40C361B2EB701008EB794 /* Sources */ = {
			isa = PBXSourcesBuildPhase;
			buildActionMask = 2147483647;
			files = (
				A5E40C3E1B2EB701008EB794 /* main.cpp in Sources */,
			);
			runOnlyForDeploymentPostprocessing = 0;
		};
/* End PBXSourcesBuildPhase section */

/* Begin XCBuildConfiguration section */
		A5E40C3F1B2EB701008EB794 /* Debug */ = {
			isa = XCBuildConfiguration;
			buildSettings = {
				ALWAYS_SEARCH_USER_PATHS = NO;
				CLANG_CXX_LANGUAGE_STANDARD = "gnu++0x";
				CLANG_CXX_LIBRARY = "libc++";
				CLANG_ENABLE_MODULES = YES;
				CLANG_ENABLE_OBJC_ARC = YES;
				CLANG_WARN_BOOL_CONVERSION = YES;
				CLANG_WARN_CONSTANT_CONVERSION = YES;
				CLANG_WARN_DIRECT_OBJC_ISA_USAGE = YES_ERROR;
				CLANG_WARN_EMPTY_BODY = YES;
				CLANG_WARN_ENUM_CONVERSION = YES;
				CLANG_WARN_INT_CONVERSION = YES;
				CLANG_WARN_OBJC_ROOT_CLASS = YES_ERROR;
				CLANG_WARN_UNREACHABLE_CODE = YES;
				CLANG_WARN__DUPLICATE_METHOD_MATCH = YES;
				COPY_PHASE_STRIP = NO;
				DEBUG_INFORMATION_FORMAT = dwarf;
				ENABLE_STRICT_OBJC_MSGSEND = YES;
				GCC_C_LANGUAGE_STANDARD = gnu99;
				GCC_DYNAMIC_NO_PIC = NO;
				GCC_NO_COMMON_BLOCKS = YES;
				GCC_OPTIMIZATION_LEVEL = 0;
				GCC_PREPROCESSOR_DEFINITIONS = (
					"DEBUG=1",
					"$(inherited)",
				);
				GCC_SYMBOLS_PRIVATE_EXTERN = NO;
				GCC_WARN_64_TO_32_BIT_CONVERSION = YES;
				GCC_WARN_ABOUT_RETURN_TYPE = YES_ERROR;
				GCC_WARN_UNDECLARED_SELECTOR = YES;
				GCC_WARN_UNINITIALIZED_AUTOS = YES_AGGRESSIVE;
				GCC_WARN_UNUSED_FUNCTION = YES;
				GCC_WARN_UNUSED_VARIABLE = YES;
				MACOSX_DEPLOYMENT_TARGET = 10.10;
				MTL_ENABLE_DEBUG_INFO = YES;
				ONLY_ACTIVE_ARCH = YES;
				SDKROOT = macosx;
			};
			name = Debug;
		};
		A5E40C401B2EB701008EB794 /* Release */ = {
			isa = XCBuildConfiguration;
			buildSettings = {
				ALWAYS_SEARCH_USER_PATHS = NO;
				CLANG_CXX_LANGUAGE_STANDARD = "gnu++0x";
				CLANG_CXX_LIBRARY = "libc++";
				CLANG_ENABLE_MODULES = YES;
				CLANG_ENABLE_OBJC_ARC = YES;
				CLANG_WARN_BOOL_CONVERSION = YES;
				CLANG_WARN_CONSTANT_CONVERSION = YES;
				CLANG_WARN_DIRECT_OBJC_ISA_USAGE = YES_ERROR;
				CLANG_WARN_EMPTY_BODY = YES;
				CLANG_WARN_ENUM_CONVERSION = YES;
				CLANG_WARN_INT_CONVERSION = YES;
				CLANG_WARN_OBJC_ROOT_CLASS = YES_ERROR;
				CLANG_WARN_UNREACHABLE_CODE = YES;
				CLANG_WARN__DUPLICATE_METHOD_MATCH = YES;
				COPY_PHASE_STRIP = NO;
				DEBUG_INFORMATION_FORMAT = "dwarf-with-dsym";
				ENABLE_NS_ASSERTIONS = NO;
				ENABLE_STRICT_OBJC_MSGSEND = YES;
				GCC_C_LANGUAGE_STANDARD = gnu99;
				GCC_NO_COMMON_BLOCKS = YES;
				GCC_WARN_64_TO_32_BIT_CONVERSION = YES;
				GCC_WARN_ABOUT_RETURN_TYPE = YES_ERROR;
				GCC_WARN_UNDECLARED_SELECTOR = YES;
				GCC_WARN_UNINITIALIZED_AUTOS = YES_AGGRESSIVE;
				GCC_WARN_UNUSED_FUNCTION = YES;
				GCC_WARN_UNUSED_VARIABLE = YES;
				MACOSX_DEPLOYMENT_TARGET = 10.10;
				MTL_ENABLE_DEBUG_INFO = NO;
				SDKROOT = macosx;
			};
			name = Release;
		};
		A5E40C421B2EB701008EB794 /* Debug */ = {
			isa = XCBuildConfiguration;
			buildSettings = {
				PRODUCT_NAME = "$(TARGET_NAME)";
			};
			name = Debug;
		};
		A5E40C431B2EB701008EB794 /* Release */ = {
			isa = XCBuildConfiguration;
			buildSettings = {
				PRODUCT_NAME = "$(TARGET_NAME)";
			};
			name = Release;
		};
/* End XCBuildConfiguration section */

/* Begin XCConfigurationList section */
		A5E40C351B2EB701008EB794 /* Build configuration list for PBXProject "ValidPalindrome" */ = {
			isa = XCConfigurationList;
			buildConfigurations = (
				A5E40C3F1B2EB701008EB794 /* Debug */,
				A5E40C401B2EB701008EB794 /* Release */,
			);
			defaultConfigurationIsVisible = 0;
			defaultConfigurationName = Release;
		};
		A5E40C411B2EB701008EB794 /* Build configuration list for PBXNativeTarget "ValidPalindrome" */ = {
			isa = XCConfigurationList;
			buildConfigurations = (
				A5E40C421B2EB701008EB794 /* Debug */,
				A5E40C431B2EB701008EB794 /* Release */,
			);
			defaultConfigurationIsVisible = 0;
		};
/* End XCConfigurationList section */
	};
	rootObject = A5E40C321B2EB701008EB794 /* Project object */;
}
